
Microsoft Visual Studio Solution File, Format Version 12.00
# Visual Studio Version 17
VisualStudioVersion = 17.11.35219.272
MinimumVisualStudioVersion = 10.0.40219.1
Project("{9A19103F-16F7-4668-BE54-9A1E7A4F7556}") = "MIST353F24FrontEnd", "MIST353F24FrontEnd\MIST353F24FrontEnd.csproj", "{D3D2715C-5819-4C7D-A5F4-5247436EF73C}"
EndProject
Global
	GlobalSection(SolutionConfigurationPlatforms) = preSolution
		Debug|Any CPU = Debug|Any CPU
		Release|Any CPU = Release|Any CPU
	EndGlobalSection
	GlobalSection(ProjectConfigurationPlatforms) = postSolution
		{D3D2715C-5819-4C7D-A5F4-5247436EF73C}.Debug|Any CPU.ActiveCfg = Debug|Any CPU
		{D3D2715C-5819-4C7D-A5F4-5247436EF73C}.Debug|Any CPU.Build.0 = Debug|Any CPU
		{D3D2715C-5819-4C7D-A5F4-5247436EF73C}.Release|Any CPU.ActiveCfg = Release|Any CPU
		{D3D2715C-5819-4C7D-A5F4-5247436EF73C}.Release|Any CPU.Build.0 = Release|Any CPU
	EndGlobalSection
	GlobalSection(SolutionProperties) = preSolution
		HideSolutionNode = FALSE
	EndGlobalSection
	GlobalSection(ExtensibilityGlobals) = postSolution
		SolutionGuid = {B3C13EF1-0966-4F99-A027-55C43674811E}
	EndGlobalSection
EndGlobal
